
Microsoft Visual Studio Solution File, Format Version 12.00
# Visual Studio Version 16
VisualStudioVersion = 16.0.30503.244
MinimumVisualStudioVersion = 10.0.40219.1
Project("{FAE04EC0-301F-11D3-BF4B-00C04F79EFBC}") = "Exampleproject", "Exampleproject\Exampleproject.csproj", "{C29CDDC6-215D-487F-A818-1DF33575D801}"
EndProject
Global
	GlobalSection(SolutionConfigurationPlatforms) = preSolution
		Debug|Any CPU = Debug|Any CPU
		Release|Any CPU = Release|Any CPU
	EndGlobalSection
	GlobalSection(ProjectConfigurationPlatforms) = postSolution
		{C29CDDC6-215D-487F-A818-1DF33575D801}.Debug|Any CPU.ActiveCfg = Debug|Any CPU
		{C29CDDC6-215D-487F-A818-1DF33575D801}.Debug|Any CPU.Build.0 = Debug|Any CPU
		{C29CDDC6-215D-487F-A818-1DF33575D801}.Release|Any CPU.ActiveCfg = Release|Any CPU
		{C29CDDC6-215D-487F-A818-1DF33575D801}.Release|Any CPU.Build.0 = Release|Any CPU
	EndGlobalSection
	GlobalSection(SolutionProperties) = preSolution
		HideSolutionNode = FALSE
	EndGlobalSection
	GlobalSection(ExtensibilityGlobals) = postSolution
		SolutionGuid = {C566451E-4185-49D5-90AD-11237F16CCDC}
	EndGlobalSection
EndGlobal
